
Microsoft Visual Studio Solution File, Format Version 12.00
# Visual Studio Version 17
VisualStudioVersion = 17.1.32210.238
MinimumVisualStudioVersion = 10.0.40219.1
Project("{9A19103F-16F7-4668-BE54-9A1E7A4F7556}") = "Pkcs12Converter", "src\Pkcs12Converter.csproj", "{784C5967-DED4-4A6D-A440-0B62EFC230F3}"
EndProject
Global
	GlobalSection(SolutionConfigurationPlatforms) = preSolution
		Debug|Any CPU = Debug|Any CPU
		Release|Any CPU = Release|Any CPU
	EndGlobalSection
	GlobalSection(ProjectConfigurationPlatforms) = postSolution
		{784C5967-DED4-4A6D-A440-0B62EFC230F3}.Debug|Any CPU.ActiveCfg = Debug|Any CPU
		{784C5967-DED4-4A6D-A440-0B62EFC230F3}.Debug|Any CPU.Build.0 = Debug|Any CPU
		{784C5967-DED4-4A6D-A440-0B62EFC230F3}.Release|Any CPU.ActiveCfg = Release|Any CPU
		{784C5967-DED4-4A6D-A440-0B62EFC230F3}.Release|Any CPU.Build.0 = Release|Any CPU
	EndGlobalSection
	GlobalSection(SolutionProperties) = preSolution
		HideSolutionNode = FALSE
	EndGlobalSection
	GlobalSection(ExtensibilityGlobals) = postSolution
		SolutionGuid = {EE1FE017-996A-4D39-BC95-227B95B96080}
	EndGlobalSection
EndGlobal
